
Microsoft Visual Studio Solution File, Format Version 12.00
# Visual Studio 15
VisualStudioVersion = 15.0.27703.2000
MinimumVisualStudioVersion = 10.0.40219.1
Project("{9A19103F-16F7-4668-BE54-9A1E7A4F7556}") = "Angular-Azure", "Angular-Azure.csproj", "{4AF9D0DE-84E8-4C39-A3C7-0D7F4F12DCDF}"
EndProject
Global
	GlobalSection(SolutionConfigurationPlatforms) = preSolution
		Debug|Any CPU = Debug|Any CPU
		Release|Any CPU = Release|Any CPU
	EndGlobalSection
	GlobalSection(ProjectConfigurationPlatforms) = postSolution
		{4AF9D0DE-84E8-4C39-A3C7-0D7F4F12DCDF}.Debug|Any CPU.ActiveCfg = Debug|Any CPU
		{4AF9D0DE-84E8-4C39-A3C7-0D7F4F12DCDF}.Debug|Any CPU.Build.0 = Debug|Any CPU
		{4AF9D0DE-84E8-4C39-A3C7-0D7F4F12DCDF}.Release|Any CPU.ActiveCfg = Release|Any CPU
		{4AF9D0DE-84E8-4C39-A3C7-0D7F4F12DCDF}.Release|Any CPU.Build.0 = Release|Any CPU
	EndGlobalSection
	GlobalSection(SolutionProperties) = preSolution
		HideSolutionNode = FALSE
	EndGlobalSection
	GlobalSection(ExtensibilityGlobals) = postSolution
		SolutionGuid = {C6AD18AB-3860-4D83-B450-C9DB8EB5A91B}
	EndGlobalSection
EndGlobal
